
Microsoft Visual Studio Solution File, Format Version 12.00
# Visual Studio Version 17
VisualStudioVersion = 17.11.35327.3
MinimumVisualStudioVersion = 10.0.40219.1
Project("{9A19103F-16F7-4668-BE54-9A1E7A4F7556}") = "CloudNinjaFunctionApp", "CloudNinjaFunctionApp.csproj", "{F18180D5-FE6B-45D8-A93B-006E67D26A83}"
EndProject
Global
	GlobalSection(SolutionConfigurationPlatforms) = preSolution
		Debug|Any CPU = Debug|Any CPU
		Release|Any CPU = Release|Any CPU
	EndGlobalSection
	GlobalSection(ProjectConfigurationPlatforms) = postSolution
		{F18180D5-FE6B-45D8-A93B-006E67D26A83}.Debug|Any CPU.ActiveCfg = Debug|Any CPU
		{F18180D5-FE6B-45D8-A93B-006E67D26A83}.Debug|Any CPU.Build.0 = Debug|Any CPU
		{F18180D5-FE6B-45D8-A93B-006E67D26A83}.Release|Any CPU.ActiveCfg = Release|Any CPU
		{F18180D5-FE6B-45D8-A93B-006E67D26A83}.Release|Any CPU.Build.0 = Release|Any CPU
	EndGlobalSection
	GlobalSection(SolutionProperties) = preSolution
		HideSolutionNode = FALSE
	EndGlobalSection
	GlobalSection(ExtensibilityGlobals) = postSolution
		SolutionGuid = {D6873902-9D30-4785-AA22-F22DE998DFDF}
	EndGlobalSection
EndGlobal
